
Microsoft Visual Studio Solution File, Format Version 11.00
# Visual Studio 2010
Project("{FAE04EC0-301F-11D3-BF4B-00C04F79EFBC}") = "Assembly-CSharp", "Assembly-CSharp.csproj", "{c2e3eec7-e852-6ddd-cfdf-ec82b92462d4}"
EndProject
Project("{FAE04EC0-301F-11D3-BF4B-00C04F79EFBC}") = "Assembly-CSharp-Editor", "Assembly-CSharp-Editor.csproj", "{e2c34392-b756-8e5e-94df-9acc37fab7bb}"
EndProject
Global
	GlobalSection(SolutionConfigurationPlatforms) = preSolution
		Debug|Any CPU = Debug|Any CPU
		Release|Any CPU = Release|Any CPU
	EndGlobalSection
	GlobalSection(ProjectConfigurationPlatforms) = postSolution
		{c2e3eec7-e852-6ddd-cfdf-ec82b92462d4}.Debug|Any CPU.ActiveCfg = Debug|Any CPU
		{c2e3eec7-e852-6ddd-cfdf-ec82b92462d4}.Debug|Any CPU.Build.0 = Debug|Any CPU
		{c2e3eec7-e852-6ddd-cfdf-ec82b92462d4}.Release|Any CPU.ActiveCfg = Release|Any CPU
		{c2e3eec7-e852-6ddd-cfdf-ec82b92462d4}.Release|Any CPU.Build.0 = Release|Any CPU
		{e2c34392-b756-8e5e-94df-9acc37fab7bb}.Debug|Any CPU.ActiveCfg = Debug|Any CPU
		{e2c34392-b756-8e5e-94df-9acc37fab7bb}.Debug|Any CPU.Build.0 = Debug|Any CPU
		{e2c34392-b756-8e5e-94df-9acc37fab7bb}.Release|Any CPU.ActiveCfg = Release|Any CPU
		{e2c34392-b756-8e5e-94df-9acc37fab7bb}.Release|Any CPU.Build.0 = Release|Any CPU
	EndGlobalSection
	GlobalSection(SolutionProperties) = preSolution
		HideSolutionNode = FALSE
	EndGlobalSection
EndGlobal
